
Microsoft Visual Studio Solution File, Format Version 12.00
# Visual Studio 15
VisualStudioVersion = 15.0.26124.0
MinimumVisualStudioVersion = 15.0.26124.0
Project("{2150E333-8FDC-42A3-9474-1A3956D46DE8}") = "Common", "Common", "{85F5D539-7420-41D5-B196-5D0A9411D6C7}"
EndProject
Project("{FAE04EC0-301F-11D3-BF4B-00C04F79EFBC}") = "COVID-19.Data", "Common\COVID-19.Data\COVID-19.Data.csproj", "{FD2CD774-3414-486A-835B-412BD6684BD8}"
EndProject
Global
	GlobalSection(SolutionConfigurationPlatforms) = preSolution
		Debug|Any CPU = Debug|Any CPU
		Debug|x64 = Debug|x64
		Debug|x86 = Debug|x86
		Release|Any CPU = Release|Any CPU
		Release|x64 = Release|x64
		Release|x86 = Release|x86
	EndGlobalSection
	GlobalSection(SolutionProperties) = preSolution
		HideSolutionNode = FALSE
	EndGlobalSection
	GlobalSection(ProjectConfigurationPlatforms) = postSolution
		{FD2CD774-3414-486A-835B-412BD6684BD8}.Debug|Any CPU.ActiveCfg = Debug|Any CPU
		{FD2CD774-3414-486A-835B-412BD6684BD8}.Debug|Any CPU.Build.0 = Debug|Any CPU
		{FD2CD774-3414-486A-835B-412BD6684BD8}.Debug|x64.ActiveCfg = Debug|Any CPU
		{FD2CD774-3414-486A-835B-412BD6684BD8}.Debug|x64.Build.0 = Debug|Any CPU
		{FD2CD774-3414-486A-835B-412BD6684BD8}.Debug|x86.ActiveCfg = Debug|Any CPU
		{FD2CD774-3414-486A-835B-412BD6684BD8}.Debug|x86.Build.0 = Debug|Any CPU
		{FD2CD774-3414-486A-835B-412BD6684BD8}.Release|Any CPU.ActiveCfg = Release|Any CPU
		{FD2CD774-3414-486A-835B-412BD6684BD8}.Release|Any CPU.Build.0 = Release|Any CPU
		{FD2CD774-3414-486A-835B-412BD6684BD8}.Release|x64.ActiveCfg = Release|Any CPU
		{FD2CD774-3414-486A-835B-412BD6684BD8}.Release|x64.Build.0 = Release|Any CPU
		{FD2CD774-3414-486A-835B-412BD6684BD8}.Release|x86.ActiveCfg = Release|Any CPU
		{FD2CD774-3414-486A-835B-412BD6684BD8}.Release|x86.Build.0 = Release|Any CPU
	EndGlobalSection
	GlobalSection(NestedProjects) = preSolution
		{FD2CD774-3414-486A-835B-412BD6684BD8} = {85F5D539-7420-41D5-B196-5D0A9411D6C7}
	EndGlobalSection
EndGlobal
